
Microsoft Visual Studio Solution File, Format Version 12.00
# Visual Studio Version 17
VisualStudioVersion = 17.6.33723.286
MinimumVisualStudioVersion = 10.0.40219.1
Project("{FAE04EC0-301F-11D3-BF4B-00C04F79EFBC}") = "ConsoleApp_SampleMethods", "ConsoleApp_SampleMethods\ConsoleApp_SampleMethods.csproj", "{822EA643-FA85-4EBC-8D45-35C09B0A50C2}"
EndProject
Global
	GlobalSection(SolutionConfigurationPlatforms) = preSolution
		Debug|Any CPU = Debug|Any CPU
		Release|Any CPU = Release|Any CPU
	EndGlobalSection
	GlobalSection(ProjectConfigurationPlatforms) = postSolution
		{822EA643-FA85-4EBC-8D45-35C09B0A50C2}.Debug|Any CPU.ActiveCfg = Debug|Any CPU
		{822EA643-FA85-4EBC-8D45-35C09B0A50C2}.Debug|Any CPU.Build.0 = Debug|Any CPU
		{822EA643-FA85-4EBC-8D45-35C09B0A50C2}.Release|Any CPU.ActiveCfg = Release|Any CPU
		{822EA643-FA85-4EBC-8D45-35C09B0A50C2}.Release|Any CPU.Build.0 = Release|Any CPU
	EndGlobalSection
	GlobalSection(SolutionProperties) = preSolution
		HideSolutionNode = FALSE
	EndGlobalSection
	GlobalSection(ExtensibilityGlobals) = postSolution
		SolutionGuid = {5421B509-4837-4C36-966D-9524E87A52DB}
	EndGlobalSection
EndGlobal
